
Microsoft Visual Studio Solution File, Format Version 12.00
# Visual Studio Version 16
Project("{8BC9CEB8-8B4A-11D0-8D11-00A0C91BC942}") = "ALL_BUILD", "ALL_BUILD.vcxproj", "{4ACAD724-5B74-3A2D-B439-79AF228E2500}"
	ProjectSection(ProjectDependencies) = postProject
		{F4DC2489-B71B-3FEF-B6E1-1A6911F9C435} = {F4DC2489-B71B-3FEF-B6E1-1A6911F9C435}
		{7F2D81F5-AB16-33E4-8D16-0D28776899E0} = {7F2D81F5-AB16-33E4-8D16-0D28776899E0}
		{E2CDE538-B764-33FA-A21A-4156F4B266FC} = {E2CDE538-B764-33FA-A21A-4156F4B266FC}
		{560D6C43-95EE-315F-87C3-CAC37E6DF461} = {560D6C43-95EE-315F-87C3-CAC37E6DF461}
		{8E1EE396-916A-3151-A7DE-B9DF363470CC} = {8E1EE396-916A-3151-A7DE-B9DF363470CC}
		{637034B2-B4AD-3111-984A-B0EF397446C7} = {637034B2-B4AD-3111-984A-B0EF397446C7}
		{84CB6C81-3342-3EF3-8F43-15C9EBD13DDF} = {84CB6C81-3342-3EF3-8F43-15C9EBD13DDF}
		{8A2414DD-CAE6-3D37-8F1C-1B65CC8E524C} = {8A2414DD-CAE6-3D37-8F1C-1B65CC8E524C}
		{B895FAD2-2BF0-3F06-ABF1-0C29E5567389} = {B895FAD2-2BF0-3F06-ABF1-0C29E5567389}
		{F540ADB3-20F4-389B-B5B1-FAB6A6205519} = {F540ADB3-20F4-389B-B5B1-FAB6A6205519}
		{88D3E9F0-AC7F-3273-925D-9E071DF116FB} = {88D3E9F0-AC7F-3273-925D-9E071DF116FB}
	EndProjectSection
EndProject
Project("{8BC9CEB8-8B4A-11D0-8D11-00A0C91BC942}") = "INSTALL", "INSTALL.vcxproj", "{AF7ABCDD-E2ED-3EB0-A780-43B6EC998424}"
	ProjectSection(ProjectDependencies) = postProject
		{4ACAD724-5B74-3A2D-B439-79AF228E2500} = {4ACAD724-5B74-3A2D-B439-79AF228E2500}
		{F4DC2489-B71B-3FEF-B6E1-1A6911F9C435} = {F4DC2489-B71B-3FEF-B6E1-1A6911F9C435}
	EndProjectSection
EndProject
Project("{8BC9CEB8-8B4A-11D0-8D11-00A0C91BC942}") = "ZERO_CHECK", "ZERO_CHECK.vcxproj", "{F4DC2489-B71B-3FEF-B6E1-1A6911F9C435}"
	ProjectSection(ProjectDependencies) = postProject
	EndProjectSection
EndProject
Project("{8BC9CEB8-8B4A-11D0-8D11-00A0C91BC942}") = "check", "check.vcxproj", "{4D65156E-2DEE-3B76-8FA7-95AD60AE915B}"
	ProjectSection(ProjectDependencies) = postProject
		{F4DC2489-B71B-3FEF-B6E1-1A6911F9C435} = {F4DC2489-B71B-3FEF-B6E1-1A6911F9C435}
		{F540ADB3-20F4-389B-B5B1-FAB6A6205519} = {F540ADB3-20F4-389B-B5B1-FAB6A6205519}
		{88D3E9F0-AC7F-3273-925D-9E071DF116FB} = {88D3E9F0-AC7F-3273-925D-9E071DF116FB}
	EndProjectSection
EndProject
Project("{8BC9CEB8-8B4A-11D0-8D11-00A0C91BC942}") = "gmock", "gmock.vcxproj", "{7F2D81F5-AB16-33E4-8D16-0D28776899E0}"
	ProjectSection(ProjectDependencies) = postProject
		{F4DC2489-B71B-3FEF-B6E1-1A6911F9C435} = {F4DC2489-B71B-3FEF-B6E1-1A6911F9C435}
	EndProjectSection
EndProject
Project("{8BC9CEB8-8B4A-11D0-8D11-00A0C91BC942}") = "gmock_main", "gmock_main.vcxproj", "{E2CDE538-B764-33FA-A21A-4156F4B266FC}"
	ProjectSection(ProjectDependencies) = postProject
		{F4DC2489-B71B-3FEF-B6E1-1A6911F9C435} = {F4DC2489-B71B-3FEF-B6E1-1A6911F9C435}
		{7F2D81F5-AB16-33E4-8D16-0D28776899E0} = {7F2D81F5-AB16-33E4-8D16-0D28776899E0}
	EndProjectSection
EndProject
Project("{8BC9CEB8-8B4A-11D0-8D11-00A0C91BC942}") = "libprotobuf", "libprotobuf.vcxproj", "{560D6C43-95EE-315F-87C3-CAC37E6DF461}"
	ProjectSection(ProjectDependencies) = postProject
		{F4DC2489-B71B-3FEF-B6E1-1A6911F9C435} = {F4DC2489-B71B-3FEF-B6E1-1A6911F9C435}
	EndProjectSection
EndProject
Project("{8BC9CEB8-8B4A-11D0-8D11-00A0C91BC942}") = "libprotobuf-lite", "libprotobuf-lite.vcxproj", "{8E1EE396-916A-3151-A7DE-B9DF363470CC}"
	ProjectSection(ProjectDependencies) = postProject
		{F4DC2489-B71B-3FEF-B6E1-1A6911F9C435} = {F4DC2489-B71B-3FEF-B6E1-1A6911F9C435}
	EndProjectSection
EndProject
Project("{8BC9CEB8-8B4A-11D0-8D11-00A0C91BC942}") = "libprotoc", "libprotoc.vcxproj", "{637034B2-B4AD-3111-984A-B0EF397446C7}"
	ProjectSection(ProjectDependencies) = postProject
		{F4DC2489-B71B-3FEF-B6E1-1A6911F9C435} = {F4DC2489-B71B-3FEF-B6E1-1A6911F9C435}
		{560D6C43-95EE-315F-87C3-CAC37E6DF461} = {560D6C43-95EE-315F-87C3-CAC37E6DF461}
	EndProjectSection
EndProject
Project("{8BC9CEB8-8B4A-11D0-8D11-00A0C91BC942}") = "lite-arena-test", "lite-arena-test.vcxproj", "{84CB6C81-3342-3EF3-8F43-15C9EBD13DDF}"
	ProjectSection(ProjectDependencies) = postProject
		{F4DC2489-B71B-3FEF-B6E1-1A6911F9C435} = {F4DC2489-B71B-3FEF-B6E1-1A6911F9C435}
		{7F2D81F5-AB16-33E4-8D16-0D28776899E0} = {7F2D81F5-AB16-33E4-8D16-0D28776899E0}
		{E2CDE538-B764-33FA-A21A-4156F4B266FC} = {E2CDE538-B764-33FA-A21A-4156F4B266FC}
		{8E1EE396-916A-3151-A7DE-B9DF363470CC} = {8E1EE396-916A-3151-A7DE-B9DF363470CC}
		{B895FAD2-2BF0-3F06-ABF1-0C29E5567389} = {B895FAD2-2BF0-3F06-ABF1-0C29E5567389}
	EndProjectSection
EndProject
Project("{8BC9CEB8-8B4A-11D0-8D11-00A0C91BC942}") = "lite-test", "lite-test.vcxproj", "{8A2414DD-CAE6-3D37-8F1C-1B65CC8E524C}"
	ProjectSection(ProjectDependencies) = postProject
		{F4DC2489-B71B-3FEF-B6E1-1A6911F9C435} = {F4DC2489-B71B-3FEF-B6E1-1A6911F9C435}
		{7F2D81F5-AB16-33E4-8D16-0D28776899E0} = {7F2D81F5-AB16-33E4-8D16-0D28776899E0}
		{E2CDE538-B764-33FA-A21A-4156F4B266FC} = {E2CDE538-B764-33FA-A21A-4156F4B266FC}
		{8E1EE396-916A-3151-A7DE-B9DF363470CC} = {8E1EE396-916A-3151-A7DE-B9DF363470CC}
		{B895FAD2-2BF0-3F06-ABF1-0C29E5567389} = {B895FAD2-2BF0-3F06-ABF1-0C29E5567389}
	EndProjectSection
EndProject
Project("{8BC9CEB8-8B4A-11D0-8D11-00A0C91BC942}") = "protoc", "protoc.vcxproj", "{B895FAD2-2BF0-3F06-ABF1-0C29E5567389}"
	ProjectSection(ProjectDependencies) = postProject
		{F4DC2489-B71B-3FEF-B6E1-1A6911F9C435} = {F4DC2489-B71B-3FEF-B6E1-1A6911F9C435}
		{560D6C43-95EE-315F-87C3-CAC37E6DF461} = {560D6C43-95EE-315F-87C3-CAC37E6DF461}
		{637034B2-B4AD-3111-984A-B0EF397446C7} = {637034B2-B4AD-3111-984A-B0EF397446C7}
	EndProjectSection
EndProject
Project("{8BC9CEB8-8B4A-11D0-8D11-00A0C91BC942}") = "test_plugin", "test_plugin.vcxproj", "{F540ADB3-20F4-389B-B5B1-FAB6A6205519}"
	ProjectSection(ProjectDependencies) = postProject
		{F4DC2489-B71B-3FEF-B6E1-1A6911F9C435} = {F4DC2489-B71B-3FEF-B6E1-1A6911F9C435}
		{7F2D81F5-AB16-33E4-8D16-0D28776899E0} = {7F2D81F5-AB16-33E4-8D16-0D28776899E0}
		{560D6C43-95EE-315F-87C3-CAC37E6DF461} = {560D6C43-95EE-315F-87C3-CAC37E6DF461}
		{637034B2-B4AD-3111-984A-B0EF397446C7} = {637034B2-B4AD-3111-984A-B0EF397446C7}
	EndProjectSection
EndProject
Project("{8BC9CEB8-8B4A-11D0-8D11-00A0C91BC942}") = "tests", "tests.vcxproj", "{88D3E9F0-AC7F-3273-925D-9E071DF116FB}"
	ProjectSection(ProjectDependencies) = postProject
		{F4DC2489-B71B-3FEF-B6E1-1A6911F9C435} = {F4DC2489-B71B-3FEF-B6E1-1A6911F9C435}
		{7F2D81F5-AB16-33E4-8D16-0D28776899E0} = {7F2D81F5-AB16-33E4-8D16-0D28776899E0}
		{E2CDE538-B764-33FA-A21A-4156F4B266FC} = {E2CDE538-B764-33FA-A21A-4156F4B266FC}
		{560D6C43-95EE-315F-87C3-CAC37E6DF461} = {560D6C43-95EE-315F-87C3-CAC37E6DF461}
		{637034B2-B4AD-3111-984A-B0EF397446C7} = {637034B2-B4AD-3111-984A-B0EF397446C7}
		{B895FAD2-2BF0-3F06-ABF1-0C29E5567389} = {B895FAD2-2BF0-3F06-ABF1-0C29E5567389}
	EndProjectSection
EndProject
Global
	GlobalSection(SolutionConfigurationPlatforms) = preSolution
		Debug|x64 = Debug|x64
		Release|x64 = Release|x64
		MinSizeRel|x64 = MinSizeRel|x64
		RelWithDebInfo|x64 = RelWithDebInfo|x64
	EndGlobalSection
	GlobalSection(ProjectConfigurationPlatforms) = postSolution
		{4ACAD724-5B74-3A2D-B439-79AF228E2500}.Debug|x64.ActiveCfg = Debug|x64
		{4ACAD724-5B74-3A2D-B439-79AF228E2500}.Debug|x64.Build.0 = Debug|x64
		{4ACAD724-5B74-3A2D-B439-79AF228E2500}.Release|x64.ActiveCfg = Release|x64
		{4ACAD724-5B74-3A2D-B439-79AF228E2500}.Release|x64.Build.0 = Release|x64
		{4ACAD724-5B74-3A2D-B439-79AF228E2500}.MinSizeRel|x64.ActiveCfg = MinSizeRel|x64
		{4ACAD724-5B74-3A2D-B439-79AF228E2500}.MinSizeRel|x64.Build.0 = MinSizeRel|x64
		{4ACAD724-5B74-3A2D-B439-79AF228E2500}.RelWithDebInfo|x64.ActiveCfg = RelWithDebInfo|x64
		{4ACAD724-5B74-3A2D-B439-79AF228E2500}.RelWithDebInfo|x64.Build.0 = RelWithDebInfo|x64
		{AF7ABCDD-E2ED-3EB0-A780-43B6EC998424}.Debug|x64.ActiveCfg = Debug|x64
		{AF7ABCDD-E2ED-3EB0-A780-43B6EC998424}.Release|x64.ActiveCfg = Release|x64
		{AF7ABCDD-E2ED-3EB0-A780-43B6EC998424}.MinSizeRel|x64.ActiveCfg = MinSizeRel|x64
		{AF7ABCDD-E2ED-3EB0-A780-43B6EC998424}.RelWithDebInfo|x64.ActiveCfg = RelWithDebInfo|x64
		{F4DC2489-B71B-3FEF-B6E1-1A6911F9C435}.Debug|x64.ActiveCfg = Debug|x64
		{F4DC2489-B71B-3FEF-B6E1-1A6911F9C435}.Debug|x64.Build.0 = Debug|x64
		{F4DC2489-B71B-3FEF-B6E1-1A6911F9C435}.Release|x64.ActiveCfg = Release|x64
		{F4DC2489-B71B-3FEF-B6E1-1A6911F9C435}.Release|x64.Build.0 = Release|x64
		{F4DC2489-B71B-3FEF-B6E1-1A6911F9C435}.MinSizeRel|x64.ActiveCfg = MinSizeRel|x64
		{F4DC2489-B71B-3FEF-B6E1-1A6911F9C435}.MinSizeRel|x64.Build.0 = MinSizeRel|x64
		{F4DC2489-B71B-3FEF-B6E1-1A6911F9C435}.RelWithDebInfo|x64.ActiveCfg = RelWithDebInfo|x64
		{F4DC2489-B71B-3FEF-B6E1-1A6911F9C435}.RelWithDebInfo|x64.Build.0 = RelWithDebInfo|x64
		{4D65156E-2DEE-3B76-8FA7-95AD60AE915B}.Debug|x64.ActiveCfg = Debug|x64
		{4D65156E-2DEE-3B76-8FA7-95AD60AE915B}.Release|x64.ActiveCfg = Release|x64
		{4D65156E-2DEE-3B76-8FA7-95AD60AE915B}.MinSizeRel|x64.ActiveCfg = MinSizeRel|x64
		{4D65156E-2DEE-3B76-8FA7-95AD60AE915B}.RelWithDebInfo|x64.ActiveCfg = RelWithDebInfo|x64
		{7F2D81F5-AB16-33E4-8D16-0D28776899E0}.Debug|x64.ActiveCfg = Debug|x64
		{7F2D81F5-AB16-33E4-8D16-0D28776899E0}.Debug|x64.Build.0 = Debug|x64
		{7F2D81F5-AB16-33E4-8D16-0D28776899E0}.Release|x64.ActiveCfg = Release|x64
		{7F2D81F5-AB16-33E4-8D16-0D28776899E0}.Release|x64.Build.0 = Release|x64
		{7F2D81F5-AB16-33E4-8D16-0D28776899E0}.MinSizeRel|x64.ActiveCfg = MinSizeRel|x64
		{7F2D81F5-AB16-33E4-8D16-0D28776899E0}.MinSizeRel|x64.Build.0 = MinSizeRel|x64
		{7F2D81F5-AB16-33E4-8D16-0D28776899E0}.RelWithDebInfo|x64.ActiveCfg = RelWithDebInfo|x64
		{7F2D81F5-AB16-33E4-8D16-0D28776899E0}.RelWithDebInfo|x64.Build.0 = RelWithDebInfo|x64
		{E2CDE538-B764-33FA-A21A-4156F4B266FC}.Debug|x64.ActiveCfg = Debug|x64
		{E2CDE538-B764-33FA-A21A-4156F4B266FC}.Debug|x64.Build.0 = Debug|x64
		{E2CDE538-B764-33FA-A21A-4156F4B266FC}.Release|x64.ActiveCfg = Release|x64
		{E2CDE538-B764-33FA-A21A-4156F4B266FC}.Release|x64.Build.0 = Release|x64
		{E2CDE538-B764-33FA-A21A-4156F4B266FC}.MinSizeRel|x64.ActiveCfg = MinSizeRel|x64
		{E2CDE538-B764-33FA-A21A-4156F4B266FC}.MinSizeRel|x64.Build.0 = MinSizeRel|x64
		{E2CDE538-B764-33FA-A21A-4156F4B266FC}.RelWithDebInfo|x64.ActiveCfg = RelWithDebInfo|x64
		{E2CDE538-B764-33FA-A21A-4156F4B266FC}.RelWithDebInfo|x64.Build.0 = RelWithDebInfo|x64
		{560D6C43-95EE-315F-87C3-CAC37E6DF461}.Debug|x64.ActiveCfg = Debug|x64
		{560D6C43-95EE-315F-87C3-CAC37E6DF461}.Debug|x64.Build.0 = Debug|x64
		{560D6C43-95EE-315F-87C3-CAC37E6DF461}.Release|x64.ActiveCfg = Release|x64
		{560D6C43-95EE-315F-87C3-CAC37E6DF461}.Release|x64.Build.0 = Release|x64
		{560D6C43-95EE-315F-87C3-CAC37E6DF461}.MinSizeRel|x64.ActiveCfg = MinSizeRel|x64
		{560D6C43-95EE-315F-87C3-CAC37E6DF461}.MinSizeRel|x64.Build.0 = MinSizeRel|x64
		{560D6C43-95EE-315F-87C3-CAC37E6DF461}.RelWithDebInfo|x64.ActiveCfg = RelWithDebInfo|x64
		{560D6C43-95EE-315F-87C3-CAC37E6DF461}.RelWithDebInfo|x64.Build.0 = RelWithDebInfo|x64
		{8E1EE396-916A-3151-A7DE-B9DF363470CC}.Debug|x64.ActiveCfg = Debug|x64
		{8E1EE396-916A-3151-A7DE-B9DF363470CC}.Debug|x64.Build.0 = Debug|x64
		{8E1EE396-916A-3151-A7DE-B9DF363470CC}.Release|x64.ActiveCfg = Release|x64
		{8E1EE396-916A-3151-A7DE-B9DF363470CC}.Release|x64.Build.0 = Release|x64
		{8E1EE396-916A-3151-A7DE-B9DF363470CC}.MinSizeRel|x64.ActiveCfg = MinSizeRel|x64
		{8E1EE396-916A-3151-A7DE-B9DF363470CC}.MinSizeRel|x64.Build.0 = MinSizeRel|x64
		{8E1EE396-916A-3151-A7DE-B9DF363470CC}.RelWithDebInfo|x64.ActiveCfg = RelWithDebInfo|x64
		{8E1EE396-916A-3151-A7DE-B9DF363470CC}.RelWithDebInfo|x64.Build.0 = RelWithDebInfo|x64
		{637034B2-B4AD-3111-984A-B0EF397446C7}.Debug|x64.ActiveCfg = Debug|x64
		{637034B2-B4AD-3111-984A-B0EF397446C7}.Debug|x64.Build.0 = Debug|x64
		{637034B2-B4AD-3111-984A-B0EF397446C7}.Release|x64.ActiveCfg = Release|x64
		{637034B2-B4AD-3111-984A-B0EF397446C7}.Release|x64.Build.0 = Release|x64
		{637034B2-B4AD-3111-984A-B0EF397446C7}.MinSizeRel|x64.ActiveCfg = MinSizeRel|x64
		{637034B2-B4AD-3111-984A-B0EF397446C7}.MinSizeRel|x64.Build.0 = MinSizeRel|x64
		{637034B2-B4AD-3111-984A-B0EF397446C7}.RelWithDebInfo|x64.ActiveCfg = RelWithDebInfo|x64
		{637034B2-B4AD-3111-984A-B0EF397446C7}.RelWithDebInfo|x64.Build.0 = RelWithDebInfo|x64
		{84CB6C81-3342-3EF3-8F43-15C9EBD13DDF}.Debug|x64.ActiveCfg = Debug|x64
		{84CB6C81-3342-3EF3-8F43-15C9EBD13DDF}.Debug|x64.Build.0 = Debug|x64
		{84CB6C81-3342-3EF3-8F43-15C9EBD13DDF}.Release|x64.ActiveCfg = Release|x64
		{84CB6C81-3342-3EF3-8F43-15C9EBD13DDF}.Release|x64.Build.0 = Release|x64
		{84CB6C81-3342-3EF3-8F43-15C9EBD13DDF}.MinSizeRel|x64.ActiveCfg = MinSizeRel|x64
		{84CB6C81-3342-3EF3-8F43-15C9EBD13DDF}.MinSizeRel|x64.Build.0 = MinSizeRel|x64
		{84CB6C81-3342-3EF3-8F43-15C9EBD13DDF}.RelWithDebInfo|x64.ActiveCfg = RelWithDebInfo|x64
		{84CB6C81-3342-3EF3-8F43-15C9EBD13DDF}.RelWithDebInfo|x64.Build.0 = RelWithDebInfo|x64
		{8A2414DD-CAE6-3D37-8F1C-1B65CC8E524C}.Debug|x64.ActiveCfg = Debug|x64
		{8A2414DD-CAE6-3D37-8F1C-1B65CC8E524C}.Debug|x64.Build.0 = Debug|x64
		{8A2414DD-CAE6-3D37-8F1C-1B65CC8E524C}.Release|x64.ActiveCfg = Release|x64
		{8A2414DD-CAE6-3D37-8F1C-1B65CC8E524C}.Release|x64.Build.0 = Release|x64
		{8A2414DD-CAE6-3D37-8F1C-1B65CC8E524C}.MinSizeRel|x64.ActiveCfg = MinSizeRel|x64
		{8A2414DD-CAE6-3D37-8F1C-1B65CC8E524C}.MinSizeRel|x64.Build.0 = MinSizeRel|x64
		{8A2414DD-CAE6-3D37-8F1C-1B65CC8E524C}.RelWithDebInfo|x64.ActiveCfg = RelWithDebInfo|x64
		{8A2414DD-CAE6-3D37-8F1C-1B65CC8E524C}.RelWithDebInfo|x64.Build.0 = RelWithDebInfo|x64
		{B895FAD2-2BF0-3F06-ABF1-0C29E5567389}.Debug|x64.ActiveCfg = Debug|x64
		{B895FAD2-2BF0-3F06-ABF1-0C29E5567389}.Debug|x64.Build.0 = Debug|x64
		{B895FAD2-2BF0-3F06-ABF1-0C29E5567389}.Release|x64.ActiveCfg = Release|x64
		{B895FAD2-2BF0-3F06-ABF1-0C29E5567389}.Release|x64.Build.0 = Release|x64
		{B895FAD2-2BF0-3F06-ABF1-0C29E5567389}.MinSizeRel|x64.ActiveCfg = MinSizeRel|x64
		{B895FAD2-2BF0-3F06-ABF1-0C29E5567389}.MinSizeRel|x64.Build.0 = MinSizeRel|x64
		{B895FAD2-2BF0-3F06-ABF1-0C29E5567389}.RelWithDebInfo|x64.ActiveCfg = RelWithDebInfo|x64
		{B895FAD2-2BF0-3F06-ABF1-0C29E5567389}.RelWithDebInfo|x64.Build.0 = RelWithDebInfo|x64
		{F540ADB3-20F4-389B-B5B1-FAB6A6205519}.Debug|x64.ActiveCfg = Debug|x64
		{F540ADB3-20F4-389B-B5B1-FAB6A6205519}.Debug|x64.Build.0 = Debug|x64
		{F540ADB3-20F4-389B-B5B1-FAB6A6205519}.Release|x64.ActiveCfg = Release|x64
		{F540ADB3-20F4-389B-B5B1-FAB6A6205519}.Release|x64.Build.0 = Release|x64
		{F540ADB3-20F4-389B-B5B1-FAB6A6205519}.MinSizeRel|x64.ActiveCfg = MinSizeRel|x64
		{F540ADB3-20F4-389B-B5B1-FAB6A6205519}.MinSizeRel|x64.Build.0 = MinSizeRel|x64
		{F540ADB3-20F4-389B-B5B1-FAB6A6205519}.RelWithDebInfo|x64.ActiveCfg = RelWithDebInfo|x64
		{F540ADB3-20F4-389B-B5B1-FAB6A6205519}.RelWithDebInfo|x64.Build.0 = RelWithDebInfo|x64
		{88D3E9F0-AC7F-3273-925D-9E071DF116FB}.Debug|x64.ActiveCfg = Debug|x64
		{88D3E9F0-AC7F-3273-925D-9E071DF116FB}.Debug|x64.Build.0 = Debug|x64
		{88D3E9F0-AC7F-3273-925D-9E071DF116FB}.Release|x64.ActiveCfg = Release|x64
		{88D3E9F0-AC7F-3273-925D-9E071DF116FB}.Release|x64.Build.0 = Release|x64
		{88D3E9F0-AC7F-3273-925D-9E071DF116FB}.MinSizeRel|x64.ActiveCfg = MinSizeRel|x64
		{88D3E9F0-AC7F-3273-925D-9E071DF116FB}.MinSizeRel|x64.Build.0 = MinSizeRel|x64
		{88D3E9F0-AC7F-3273-925D-9E071DF116FB}.RelWithDebInfo|x64.ActiveCfg = RelWithDebInfo|x64
		{88D3E9F0-AC7F-3273-925D-9E071DF116FB}.RelWithDebInfo|x64.Build.0 = RelWithDebInfo|x64
	EndGlobalSection
	GlobalSection(ExtensibilityGlobals) = postSolution
		SolutionGuid = {0E4A1428-7517-3B7E-9FC2-C76837BE7257}
	EndGlobalSection
	GlobalSection(ExtensibilityAddIns) = postSolution
	EndGlobalSection
EndGlobal
